
Microsoft Visual Studio Solution File, Format Version 12.00
# Visual Studio Version 16
VisualStudioVersion = 16.0.29905.134
MinimumVisualStudioVersion = 10.0.40219.1
Project("{FAE04EC0-301F-11D3-BF4B-00C04F79EFBC}") = "MVP1", "MVP1\MVP1.csproj", "{CFCBDB3C-CBAC-4E58-BAA1-791FFB4EFC75}"
EndProject
Global
	GlobalSection(SolutionConfigurationPlatforms) = preSolution
		Debug|Any CPU = Debug|Any CPU
		Release|Any CPU = Release|Any CPU
	EndGlobalSection
	GlobalSection(ProjectConfigurationPlatforms) = postSolution
		{CFCBDB3C-CBAC-4E58-BAA1-791FFB4EFC75}.Debug|Any CPU.ActiveCfg = Debug|Any CPU
		{CFCBDB3C-CBAC-4E58-BAA1-791FFB4EFC75}.Debug|Any CPU.Build.0 = Debug|Any CPU
		{CFCBDB3C-CBAC-4E58-BAA1-791FFB4EFC75}.Release|Any CPU.ActiveCfg = Release|Any CPU
		{CFCBDB3C-CBAC-4E58-BAA1-791FFB4EFC75}.Release|Any CPU.Build.0 = Release|Any CPU
	EndGlobalSection
	GlobalSection(SolutionProperties) = preSolution
		HideSolutionNode = FALSE
	EndGlobalSection
	GlobalSection(ExtensibilityGlobals) = postSolution
		SolutionGuid = {34322D36-1127-4F61-B02F-F5FD4BADC7EE}
	EndGlobalSection
EndGlobal
